<Solution>
  <Folder Name="/src/">
    <Project Path="src/Pipeline.Core/Pipeline.Core.csproj" />
    <Project Path="src/Pipeline.Storage/Pipeline.Storage.csproj" />
    <Project Path="src/Pipeline.Cli/Pipeline.Cli.csproj" />
  </Folder>
  <Folder Name="/tests/">
    <Project Path="tests/Pipeline.Core.Tests/Pipeline.Core.Tests.csproj" />
  </Folder>
  <Folder Name="/_Globals/">
    <File Path="Directory.Packages.props" />
  </Folder>
</Solution>
